
Microsoft Visual Studio Solution File, Format Version 12.00
# Visual Studio Version 16
VisualStudioVersion = 16.0.29728.190
MinimumVisualStudioVersion = 10.0.40219.1
Project("{FAE04EC0-301F-11D3-BF4B-00C04F79EFBC}") = "Uppgift2", "Uppgift2.csproj", "{559796E7-E066-4CC0-AF45-C7E2938D83CC}"
EndProject
Global
	GlobalSection(SolutionConfigurationPlatforms) = preSolution
		Debug|Any CPU = Debug|Any CPU
		Release|Any CPU = Release|Any CPU
	EndGlobalSection
	GlobalSection(ProjectConfigurationPlatforms) = postSolution
		{559796E7-E066-4CC0-AF45-C7E2938D83CC}.Debug|Any CPU.ActiveCfg = Debug|Any CPU
		{559796E7-E066-4CC0-AF45-C7E2938D83CC}.Debug|Any CPU.Build.0 = Debug|Any CPU
		{559796E7-E066-4CC0-AF45-C7E2938D83CC}.Release|Any CPU.ActiveCfg = Release|Any CPU
		{559796E7-E066-4CC0-AF45-C7E2938D83CC}.Release|Any CPU.Build.0 = Release|Any CPU
	EndGlobalSection
	GlobalSection(SolutionProperties) = preSolution
		HideSolutionNode = FALSE
	EndGlobalSection
	GlobalSection(ExtensibilityGlobals) = postSolution
		SolutionGuid = {F7FBCCF2-263D-49C1-8DA5-E8CA680B105B}
	EndGlobalSection
EndGlobal
